
Microsoft Visual Studio Solution File, Format Version 9.00
# Visual Studio 2005
Project("{8BC9CEB8-8B4A-11D0-8D11-00A0C91BC942}") = "WriteEventLogTest", "WriteEventLogTest\WriteEventLogTest.vcproj", "{65A98812-3625-47B7-AD34-704BDFD65BF7}"
	ProjectSection(ProjectDependencies) = postProject
		{39D9DA42-E3A3-4DDB-A7BA-946DFC3E1734} = {39D9DA42-E3A3-4DDB-A7BA-946DFC3E1734}
	EndProjectSection
EndProject
Project("{8BC9CEB8-8B4A-11D0-8D11-00A0C91BC942}") = "CVFileManager", "..\..\SystemSrc\CVCommonDlls\CVFileManager\CVFileManager\CVFileManager.vcproj", "{39D9DA42-E3A3-4DDB-A7BA-946DFC3E1734}"
EndProject
Global
	GlobalSection(SolutionConfigurationPlatforms) = preSolution
		Debug|Win32 = Debug|Win32
		Release|Win32 = Release|Win32
	EndGlobalSection
	GlobalSection(ProjectConfigurationPlatforms) = postSolution
		{65A98812-3625-47B7-AD34-704BDFD65BF7}.Debug|Win32.ActiveCfg = Debug|Win32
		{65A98812-3625-47B7-AD34-704BDFD65BF7}.Debug|Win32.Build.0 = Debug|Win32
		{65A98812-3625-47B7-AD34-704BDFD65BF7}.Release|Win32.ActiveCfg = Release|Win32
		{65A98812-3625-47B7-AD34-704BDFD65BF7}.Release|Win32.Build.0 = Release|Win32
		{39D9DA42-E3A3-4DDB-A7BA-946DFC3E1734}.Debug|Win32.ActiveCfg = Debug|Win32
		{39D9DA42-E3A3-4DDB-A7BA-946DFC3E1734}.Debug|Win32.Build.0 = Debug|Win32
		{39D9DA42-E3A3-4DDB-A7BA-946DFC3E1734}.Release|Win32.ActiveCfg = Release|Win32
		{39D9DA42-E3A3-4DDB-A7BA-946DFC3E1734}.Release|Win32.Build.0 = Release|Win32
	EndGlobalSection
	GlobalSection(SolutionProperties) = preSolution
		HideSolutionNode = FALSE
	EndGlobalSection
EndGlobal
