
Microsoft Visual Studio Solution File, Format Version 9.00
# Visual Studio 2005
Project("{8BC9CEB8-8B4A-11D0-8D11-00A0C91BC942}") = "CVPrecordDspTest", "CVPrecordDspTest\CVPrecordDspTest.vcproj", "{10CC0D57-E22E-4748-BD18-E61129E177E1}"
EndProject
Global
	GlobalSection(DPCodeReviewSolutionGUID) = preSolution
		DPCodeReviewSolutionGUID = {00000000-0000-0000-0000-000000000000}
	EndGlobalSection
	GlobalSection(SolutionConfigurationPlatforms) = preSolution
		Debug|Win32 = Debug|Win32
		Release|Win32 = Release|Win32
	EndGlobalSection
	GlobalSection(ProjectConfigurationPlatforms) = postSolution
		{10CC0D57-E22E-4748-BD18-E61129E177E1}.Debug|Win32.ActiveCfg = Debug|Win32
		{10CC0D57-E22E-4748-BD18-E61129E177E1}.Debug|Win32.Build.0 = Debug|Win32
		{10CC0D57-E22E-4748-BD18-E61129E177E1}.Release|Win32.ActiveCfg = Release|Win32
		{10CC0D57-E22E-4748-BD18-E61129E177E1}.Release|Win32.Build.0 = Release|Win32
	EndGlobalSection
	GlobalSection(SolutionProperties) = preSolution
		HideSolutionNode = FALSE
	EndGlobalSection
EndGlobal
