
Microsoft Visual Studio Solution File, Format Version 9.00
# Visual Studio 2005
Project("{8BC9CEB8-8B4A-11D0-8D11-00A0C91BC942}") = "CVPLCs10CommDrvDllTest", "CVPLCs10CommDrvDllTest\CVPLCs10CommDrvDllTest.vcproj", "{AAA18F59-4411-4965-8DD0-F2174B86493A}"
EndProject
Global
	GlobalSection(SolutionConfigurationPlatforms) = preSolution
		Debug|Win32 = Debug|Win32
		Release|Win32 = Release|Win32
	EndGlobalSection
	GlobalSection(ProjectConfigurationPlatforms) = postSolution
		{AAA18F59-4411-4965-8DD0-F2174B86493A}.Debug|Win32.ActiveCfg = Debug|Win32
		{AAA18F59-4411-4965-8DD0-F2174B86493A}.Debug|Win32.Build.0 = Debug|Win32
		{AAA18F59-4411-4965-8DD0-F2174B86493A}.Release|Win32.ActiveCfg = Release|Win32
		{AAA18F59-4411-4965-8DD0-F2174B86493A}.Release|Win32.Build.0 = Release|Win32
	EndGlobalSection
	GlobalSection(SolutionProperties) = preSolution
		HideSolutionNode = FALSE
	EndGlobalSection
EndGlobal
